Microsoft Visual Studio Solution File, Format Version 12.00
# Visual Studio Version 17
VisualStudioVersion = 17.5.2.0
MinimumVisualStudioVersion = 10.0.40219.1
Project("{FAE04EC0-301F-11D3-BF4B-00C04F79EFBC}") = "TrackingProgram", "TrackingProgram.csproj", "{D3AEEAA8-6352-CF78-96B8-F290DD3BCA75}"
EndProject
Global
	GlobalSection(SolutionConfigurationPlatforms) = preSolution
		Debug|Any CPU = Debug|Any CPU
		Release|Any CPU = Release|Any CPU
	EndGlobalSection
	GlobalSection(ProjectConfigurationPlatforms) = postSolution
		{D3AEEAA8-6352-CF78-96B8-F290DD3BCA75}.Debug|Any CPU.ActiveCfg = Debug|Any CPU
		{D3AEEAA8-6352-CF78-96B8-F290DD3BCA75}.Debug|Any CPU.Build.0 = Debug|Any CPU
		{D3AEEAA8-6352-CF78-96B8-F290DD3BCA75}.Release|Any CPU.ActiveCfg = Release|Any CPU
		{D3AEEAA8-6352-CF78-96B8-F290DD3BCA75}.Release|Any CPU.Build.0 = Release|Any CPU
	EndGlobalSection
	GlobalSection(SolutionProperties) = preSolution
		HideSolutionNode = FALSE
	EndGlobalSection
	GlobalSection(ExtensibilityGlobals) = postSolution
		SolutionGuid = {06C83E5E-67C8-4C90-91BB-2C7F12B9ED9E}
	EndGlobalSection
EndGlobal
